{
  "version": "5",
  "redirects": {
    "https://esm.sh/@supabase/supabase-js@2": "https://esm.sh/@supabase/supabase-js@2.112.1",
    "https://esm.sh/iceberg-js@^0.8.1?target=denonext": "https://esm.sh/iceberg-js@0.8.1?target=denonext"
  },
  "remote": {
    "https://deno.land/std@0.168.0/async/abortable.ts": "80b2ac399f142cc528f95a037a7d0e653296352d95c681e284533765961de409",
    "https://deno.land/std@0.168.0/async/deadline.ts": "2c2deb53c7c28ca1dda7a3ad81e70508b1ebc25db52559de6b8636c9278fd41f",
    "https://deno.land/std@0.168.0/async/debounce.ts": "60301ffb37e730cd2d6f9dadfd0ecb2a38857681bd7aaf6b0a106b06e5210a98",
    "https://deno.land/std@0.168.0/async/deferred.ts": "77d3f84255c3627f1cc88699d8472b664d7635990d5358c4351623e098e917d6",
    "https://deno.land/std@0.168.0/async/delay.ts": "5a9bfba8de38840308a7a33786a0155a7f6c1f7a859558ddcec5fe06e16daf57",
    "https://deno.land/std@0.168.0/async/mod.ts": "7809ad4bb223e40f5fdc043e5c7ca04e0e25eed35c32c3c32e28697c553fa6d9",
    "https://deno.land/std@0.168.0/async/mux_async_iterator.ts": "770a0ff26c59f8bbbda6b703a2235f04e379f73238e8d66a087edc68c2a2c35f",
    "https://deno.land/std@0.168.0/async/pool.ts": "6854d8cd675a74c73391c82005cbbe4cc58183bddcd1fbbd7c2bcda42b61cf69",
    "https://deno.land/std@0.168.0/async/retry.ts": "e8e5173623915bbc0ddc537698fa418cf875456c347eda1ed453528645b42e67",
    "https://deno.land/std@0.168.0/async/tee.ts": "3a47cc4e9a940904fd4341f0224907e199121c80b831faa5ec2b054c6d2eff5e",
    "https://deno.land/std@0.168.0/fmt/colors.ts": "03ad95e543d2808bc43c17a3dd29d25b43d0f16287fe562a0be89bf632454a12",
    "https://deno.land/std@0.168.0/http/server.ts": "e99c1bee8a3f6571ee4cdeb2966efad465b8f6fe62bec1bdb59c1f007cc4d155",
    "https://deno.land/std@0.168.0/testing/_diff.ts": "a23e7fc2b4d8daa3e158fa06856bedf5334ce2a2831e8bf9e509717f455adb2c",
    "https://deno.land/std@0.168.0/testing/_format.ts": "cd11136e1797791045e639e9f0f4640d5b4166148796cad37e6ef75f7d7f3832",
    "https://deno.land/std@0.168.0/testing/asserts.ts": "51353e79437361d4b02d8e32f3fc83b22231bc8f8d4c841d86fd32b0b0afe940",
    "https://esm.sh/@supabase/auth-js@2.112.1/denonext/auth-js.mjs": "0a6548b2193536749bac8bdc311930557fc418447d7579c16a1db1ff0e17788c",
    "https://esm.sh/@supabase/functions-js@2.112.1/denonext/functions-js.mjs": "148a13081414a9bca1e6879d7220ae0affcd92150adc08e3eecb63fec794d9a1",
    "https://esm.sh/@supabase/phoenix@0.4.5/denonext/phoenix.mjs": "40bd2a70829cd847848baac58e635bacd83fd62188f6624b44e2c295341004eb",
    "https://esm.sh/@supabase/postgrest-js@2.112.1/denonext/postgrest-js.mjs": "b25d2037ec88c744bbcd1ca51d21110b6d4bde16ad5d4ef7ff5d8c00183a5c78",
    "https://esm.sh/@supabase/realtime-js@2.112.1/denonext/realtime-js.mjs": "71971e0bd579cb6d8c2600ba1726c7472a9d7b4fa84f8b350fd3dd1dd86e51a2",
    "https://esm.sh/@supabase/storage-js@2.112.1/denonext/storage-js.mjs": "c19d2448362f0186f92876fa53296bd43a564a48e1500a9d48fc89956ff13235",
    "https://esm.sh/@supabase/supabase-js@2.112.1": "497e1884f2e760ee816b6081f8e9497f453d35d0b5fb10c0bb898b0debeee58d",
    "https://esm.sh/@supabase/supabase-js@2.112.1/denonext/dist/tracingRegistry.mjs": "a5c249913461920ffde2a35911d3d0819c66aa672ce533d17ae15dbaea75a704",
    "https://esm.sh/@supabase/supabase-js@2.112.1/denonext/supabase-js.mjs": "472091d54b6ffec5b452e227d6ff0a3cfbbbd11dd61b08604fde8b3322971f35",
    "https://esm.sh/iceberg-js@0.8.1/denonext/iceberg-js.mjs": "d839d81a2e3966500ca2cdd0c1cb458e9608bacfc91f7bb67a69b2e878dcdb4f",
    "https://esm.sh/iceberg-js@0.8.1?target=denonext": "58c849d7fe2bf4eca4a84eb501e83c161a7d8c34ca1bec15a962b3bec3062633",
    "https://esm.sh/tslib@2.8.1/denonext/tslib.mjs": "c38da5dd6da6281964435002ce204cd586634fe3bdfb24a0ee116f48cf3292e9"
  },
  "workspace": {
    "packageJson": {
      "dependencies": [
        "npm:@eslint/js@^9.39.2",
        "npm:@playwright/test@^1.55.0",
        "npm:@radix-ui/react-avatar@^1.1.3",
        "npm:@radix-ui/react-checkbox@^1.1.4",
        "npm:@radix-ui/react-dialog@^1.1.4",
        "npm:@radix-ui/react-dropdown-menu@^2.1.4",
        "npm:@radix-ui/react-icons@^1.3.2",
        "npm:@radix-ui/react-label@^2.1.2",
        "npm:@radix-ui/react-popover@^1.1.4",
        "npm:@radix-ui/react-progress@^1.1.8",
        "npm:@radix-ui/react-scroll-area@^1.2.3",
        "npm:@radix-ui/react-select@^2.1.4",
        "npm:@radix-ui/react-slot@^1.1.2",
        "npm:@radix-ui/react-tabs@^1.1.2",
        "npm:@radix-ui/react-toast@^1.2.4",
        "npm:@radix-ui/react-tooltip@^1.1.6",
        "npm:@sentry/react@^10.64.0",
        "npm:@supabase/auth-helpers-react@0.5",
        "npm:@supabase/supabase-js@^2.57.4",
        "npm:@tanstack/react-query-devtools@^5.8.4",
        "npm:@tanstack/react-query@^5.8.4",
        "npm:@testing-library/jest-dom@^6.1.4",
        "npm:@testing-library/react@^14.1.2",
        "npm:@testing-library/user-event@^14.5.1",
        "npm:@types/express@^5.0.3",
        "npm:@types/jest@30",
        "npm:@types/node@^20.19.13",
        "npm:@types/react-dom@^18.3.1",
        "npm:@types/react-router-dom@^5.3.3",
        "npm:@types/react@^18.3.12",
        "npm:@typescript-eslint/eslint-plugin@^8.18.0",
        "npm:@typescript-eslint/parser@^8.18.0",
        "npm:@vitejs/plugin-react-swc@^3.5.0",
        "npm:@vitest/coverage-v8@^3.2.4",
        "npm:apexcharts@^5.3.5",
        "npm:autoprefixer@^10.4.16",
        "npm:axios@^1.12.2",
        "npm:class-variance-authority@~0.7.1",
        "npm:clsx@2",
        "npm:cmdk@^1.1.1",
        "npm:csv-parser@^3.2.0",
        "npm:date-fns@^4.1.0",
        "npm:dotenv@^17.2.3",
        "npm:eslint-plugin-react-hooks@^7.0.1",
        "npm:eslint@^8.57.1",
        "npm:express@^5.1.0",
        "npm:framer-motion@^12.23.24",
        "npm:globals@^16.5.0",
        "npm:hibp@^15.1.0",
        "npm:i18next-browser-languagedetector@^7.2.0",
        "npm:i18next@^23.7.6",
        "npm:jscpd@^4.0.5",
        "npm:jsdom@^23.0.1",
        "npm:jspdf-autotable@^5.0.2",
        "npm:jspdf@^3.0.3",
        "npm:lucide-react@0.294",
        "npm:particles.js@2",
        "npm:postcss@^8.4.31",
        "npm:react-day-picker@^9.11.0",
        "npm:react-dom@^18.3.1",
        "npm:react-i18next@^13.5.0",
        "npm:react-router-dom@^6.30.1",
        "npm:react@^18.3.1",
        "npm:recharts@^3.2.1",
        "npm:sonner@^1.2.4",
        "npm:supabase@^2.45.5",
        "npm:tailwind-merge@2",
        "npm:tailwindcss-animate@^1.0.7",
        "npm:tailwindcss@^3.3.5",
        "npm:typescript@^5.2.2",
        "npm:vite@^6.3.6",
        "npm:vitest@^3.2.4",
        "npm:xlsx@~0.18.5",
        "npm:zustand@^4.4.7"
      ]
    }
  }
}
